# This file was autogenerated by Stack.
# You should not edit this file by hand.
# For more information, please see the documentation at:
#   https://docs.haskellstack.org/en/stable/lock_files

packages:
- completed:
    hackage: snap-1.1.3.2@sha256:993e1d4a455db80f04e305dd79a8758ea93eda5696302fccd3b54c0332552796,8444
    pantry-tree:
      sha256: 1dfee980eb468af536e114c571d9093c0ce7c8be5a35b82091e0a6d334ee18d2
      size: 5795
  original:
    hackage: snap-1.1.3.2
- completed:
    hackage: snap-server-1.1.2.1@sha256:1472326ecc890c3af6cb88355d4fbfa2e64c6dce4c5a9c36b80af4ca8e36dc1a,15471
    pantry-tree:
      sha256: 115460d6a6c93f2cc239fa065e563374718174aefbe411754a27e56ba4aff4cf
      size: 3313
  original:
    hackage: snap-server-1.1.2.1
snapshots:
- completed:
    sha256: 23bb9bb355bfdb1635252e120a29b712f0d5e8a6c6a65c5ab5bd6692f46c438e
    size: 640457
    url: https://raw.githubusercontent.com/commercialhaskell/stackage-snapshots/master/lts/21/7.yaml
  original:
    url: https://raw.githubusercontent.com/commercialhaskell/stackage-snapshots/master/lts/21/7.yaml
